{
  "lockfileVersion": 1,
  "configVersion": 1,
  "workspaces": {
    "": {
      "name": "lumen-live-tests",
      "dependencies": {
        "@livekit/rtc-node": "^0.13.31",
        "livekit-server-sdk": "^2.17.0",
      },
    },
  },
  "packages": {
    "@bufbuild/protobuf": ["@bufbuild/protobuf@1.10.1", "", {}, "sha512-wJ8ReQbHxsAfXhrf9ixl0aYbZorRuOWpBNzm8pL8ftmSxQx/wnJD5Eg861NwJU/czy2VXFIebCeZnZrI9rktIQ=="],

    "@datastructures-js/deque": ["@datastructures-js/deque@1.0.8", "", {}, "sha512-PSBhJ2/SmeRPRHuBv7i/fHWIdSC3JTyq56qb+Rq0wjOagi0/fdV5/B/3Md5zFZus/W6OkSPMaxMKKMNMrSmubg=="],

    "@livekit/mutex": ["@livekit/mutex@1.1.1", "", {}, "sha512-EsshAucklmpuUAfkABPxJNhzj9v2sG7JuzFDL4ML1oJQSV14sqrpTYnsaOudMAw9yOaW53NU3QQTlUQoRs4czw=="],

    "@livekit/protocol": ["@livekit/protocol@1.50.3", "", { "dependencies": { "@bufbuild/protobuf": "^1.10.0" } }, "sha512-GTM2GWDwEVKWTlRv0izgXhezGUPjD+2SWrwwSiEEyQ/nkFmVJkCwGqyx9kO2kEMsQ8rS0thL7tSEv92VV2/12A=="],

    "@livekit/rtc-ffi-bindings": ["@livekit/rtc-ffi-bindings@0.12.60", "", { "dependencies": { "@bufbuild/protobuf": "^1.10.1" }, "optionalDependencies": { "@livekit/rtc-ffi-bindings-darwin-arm64": "0.12.60", "@livekit/rtc-ffi-bindings-darwin-x64": "0.12.60", "@livekit/rtc-ffi-bindings-linux-arm64-gnu": "0.12.60", "@livekit/rtc-ffi-bindings-linux-x64-gnu": "0.12.60", "@livekit/rtc-ffi-bindings-win32-x64-msvc": "0.12.60" } }, "sha512-ZJD2DNoHfR8PzKeyDMH6i1zKpk7S4LlrQDIZvisxj6HPaJnKofzSssNMF8fpGFvVCZ844kbcOFogRPgHFno82w=="],

    "@livekit/rtc-ffi-bindings-darwin-arm64": ["@livekit/rtc-ffi-bindings-darwin-arm64@0.12.60", "", { "os": "darwin", "cpu": "arm64" }, "sha512-YHXqybkYfaTc3txJXXWoVogiSP3yKJdkaZlIlZ6IDMGnN9elUoHDYU+ZSn/rbdGu0pp4HUOzffXkbkItN735Bw=="],

    "@livekit/rtc-ffi-bindings-darwin-x64": ["@livekit/rtc-ffi-bindings-darwin-x64@0.12.60", "", { "os": "darwin", "cpu": "x64" }, "sha512-SkPPWE2/nb2BAXrCWP6+vaR2I4EeyG3Vv+csUaa1EvDVMbFqBHWqNVTQcx/ChgecbYB9dIFZHVYpfjbFkVd84g=="],

    "@livekit/rtc-ffi-bindings-linux-arm64-gnu": ["@livekit/rtc-ffi-bindings-linux-arm64-gnu@0.12.60", "", { "os": "linux", "cpu": "arm64" }, "sha512-8umeMn9p/VZ41EGty1qX9zPV5mfGxCioYKeUnALpf8AKqT/yXDjnog1VkS5f8gFX/zY7HDaeE+s60nZXaOZJbw=="],

    "@livekit/rtc-ffi-bindings-linux-x64-gnu": ["@livekit/rtc-ffi-bindings-linux-x64-gnu@0.12.60", "", { "os": "linux", "cpu": "x64" }, "sha512-ttWrR/e8Ghaa9I+LaStxK8lh+aA9QBz6Dge6eXyKwTrAMHwHEtL2Rnf1rHQTiwadeH7AoytpfWf5FZl/OelLaQ=="],

    "@livekit/rtc-ffi-bindings-win32-x64-msvc": ["@livekit/rtc-ffi-bindings-win32-x64-msvc@0.12.60", "", { "os": "win32", "cpu": "x64" }, "sha512-HfOBEf3rmpsG7hU3/BM9x2jnkVwKFve2v3cyjxlk41d6OkCthYb+g/ULEPFBKPafYyepDwcd2c8MDo5fMM+4Zw=="],

    "@livekit/rtc-node": ["@livekit/rtc-node@0.13.31", "", { "dependencies": { "@datastructures-js/deque": "1.0.8", "@livekit/mutex": "^1.0.0", "@livekit/rtc-ffi-bindings": "0.12.60", "@livekit/typed-emitter": "^3.0.0", "pino": "^9.0.0", "pino-pretty": "^13.0.0" } }, "sha512-uCpyUUOoph+sDsjW6mSmDe6ox1vSfgaWR5VFgP7u4KGf1clyJooX7d6Fe94ZruDjLTsGxxV97IOmVU5+cBiBgg=="],

    "@livekit/typed-emitter": ["@livekit/typed-emitter@3.0.0", "", {}, "sha512-9bl0k4MgBPZu3Qu3R3xy12rmbW17e3bE9yf4YY85gJIQ3ezLEj/uzpKHWBsLaDoL5Mozz8QCgggwIBudYQWeQg=="],

    "@pinojs/redact": ["@pinojs/redact@0.4.0", "", {}, "sha512-k2ENnmBugE/rzQfEcdWHcCY+/FM3VLzH9cYEsbdsoqrvzAKRhUZeRNhAZvB8OitQJ1TBed3yqWtdjzS6wJKBwg=="],

    "atomic-sleep": ["atomic-sleep@1.0.0", "", {}, "sha512-kNOjDqAh7px0XWNI+4QbzoiR/nTkHAWNud2uvnJquD1/x5a7EQZMJT0AczqK0Qn67oY/TTQ1LbUKajZpp3I9tQ=="],

    "colorette": ["colorette@2.0.20", "", {}, "sha512-IfEDxwoWIjkeXL1eXcDiow4UbKjhLdq6/EuSVR9GMN7KVH3r9gQ83e73hsz1Nd1T3ijd5xv1wcWRYO+D6kCI2w=="],

    "dateformat": ["dateformat@4.6.3", "", {}, "sha512-2P0p0pFGzHS5EMnhdxQi7aJN+iMheud0UhG4dlE1DLAlvL8JHjJJTX/CSm4JXwV0Ka5nGk3zC5mcb5bUQUxxMA=="],

    "end-of-stream": ["end-of-stream@1.4.5", "", { "dependencies": { "once": "^1.4.0" } }, "sha512-ooEGc6HP26xXq/N+GCGOT0JKCLDGrq2bQUZrQ7gyrJiZANJ/8YDTxTpQBXGMn+WbIQXNVpyWymm7KYVICQnyOg=="],

    "fast-copy": ["fast-copy@4.0.4", "", {}, "sha512-eVAiWVNPSEGIzDl5yPuLrx8fNMogScXvD9xp1Kzd41FjRIz2I3sSIcxsFeM5EzFfHAfobdvs8ZySffUopljvIA=="],

    "fast-safe-stringify": ["fast-safe-stringify@2.1.1", "", {}, "sha512-W+KJc2dmILlPplD/H4K9l9LcAHAfPtP6BY84uVLXQ6Evcz9Lcg33Y2z1IVblT6xdY54PXYVHEv+0Wpq8Io6zkA=="],

    "help-me": ["help-me@5.0.0", "", {}, "sha512-7xgomUX6ADmcYzFik0HzAxh/73YlKR9bmFzf51CZwR+b6YtzU2m0u49hQCqV6SvlqIqsaxovfwdvbnsw3b/zpg=="],

    "jose": ["jose@5.10.0", "", {}, "sha512-s+3Al/p9g32Iq+oqXxkW//7jk2Vig6FF1CFqzVXoTUXt2qz89YWbL+OwS17NFYEvxC35n0FKeGO2LGYSxeM2Gg=="],

    "joycon": ["joycon@3.1.1", "", {}, "sha512-34wB/Y7MW7bzjKRjUKTa46I2Z7eV62Rkhva+KkopW7Qvv/OSWBqvkSY7vusOPrNuZcUG3tApvdVgNB8POj3SPw=="],

    "livekit-server-sdk": ["livekit-server-sdk@2.17.0", "", { "dependencies": { "@bufbuild/protobuf": "^1.10.1", "@livekit/protocol": "^1.48.0", "jose": "^5.1.2" } }, "sha512-GWNEQrUD13UwZNrmosyTVFPgeBvSU2lFKGxdA4DaUI5F4sMb1cGeep/PPEE9vvRNELJYpxWS0ImS4gQmovKUDA=="],

    "minimist": ["minimist@1.2.8", "", {}, "sha512-2yyAR8qBkN3YuheJanUpWC5U3bb5osDywNB8RzDVlDwDHbocAJveqqj1u8+SVD7jkWT4yvsHCpWqqWqAxb0zCA=="],

    "on-exit-leak-free": ["on-exit-leak-free@2.1.2", "", {}, "sha512-0eJJY6hXLGf1udHwfNftBqH+g73EU4B504nZeKpz1sYRKafAghwxEJunB2O7rDZkL4PGfsMVnTXZ2EjibbqcsA=="],

    "once": ["once@1.4.0", "", { "dependencies": { "wrappy": "1" } }, "sha512-lNaJgI+2Q5URQBkccEKHTQOPaXdUxnZZElQTZY0MFUAuaEqe1E+Nyvgdz/aIyNi6Z9MzO5dv1H8n58/GELp3+w=="],

    "pino": ["pino@9.14.0", "", { "dependencies": { "@pinojs/redact": "^0.4.0", "atomic-sleep": "^1.0.0", "on-exit-leak-free": "^2.1.0", "pino-abstract-transport": "^2.0.0", "pino-std-serializers": "^7.0.0", "process-warning": "^5.0.0", "quick-format-unescaped": "^4.0.3", "real-require": "^0.2.0", "safe-stable-stringify": "^2.3.1", "sonic-boom": "^4.0.1", "thread-stream": "^3.0.0" }, "bin": { "pino": "bin.js" } }, "sha512-8OEwKp5juEvb/MjpIc4hjqfgCNysrS94RIOMXYvpYCdm/jglrKEiAYmiumbmGhCvs+IcInsphYDFwqrjr7398w=="],

    "pino-abstract-transport": ["pino-abstract-transport@2.0.0", "", { "dependencies": { "split2": "^4.0.0" } }, "sha512-F63x5tizV6WCh4R6RHyi2Ml+M70DNRXt/+HANowMflpgGFMAym/VKm6G7ZOQRjqN7XbGxK1Lg9t6ZrtzOaivMw=="],

    "pino-pretty": ["pino-pretty@13.1.3", "", { "dependencies": { "colorette": "^2.0.7", "dateformat": "^4.6.3", "fast-copy": "^4.0.0", "fast-safe-stringify": "^2.1.1", "help-me": "^5.0.0", "joycon": "^3.1.1", "minimist": "^1.2.6", "on-exit-leak-free": "^2.1.0", "pino-abstract-transport": "^3.0.0", "pump": "^3.0.0", "secure-json-parse": "^4.0.0", "sonic-boom": "^4.0.1", "strip-json-comments": "^5.0.2" }, "bin": { "pino-pretty": "bin.js" } }, "sha512-ttXRkkOz6WWC95KeY9+xxWL6AtImwbyMHrL1mSwqwW9u+vLp/WIElvHvCSDg0xO/Dzrggz1zv3rN5ovTRVowKg=="],

    "pino-std-serializers": ["pino-std-serializers@7.1.0", "", {}, "sha512-BndPH67/JxGExRgiX1dX0w1FvZck5Wa4aal9198SrRhZjH3GxKQUKIBnYJTdj2HDN3UQAS06HlfcSbQj2OHmaw=="],

    "process-warning": ["process-warning@5.0.0", "", {}, "sha512-a39t9ApHNx2L4+HBnQKqxxHNs1r7KF+Intd8Q/g1bUh6q0WIp9voPXJ/x0j+ZL45KF1pJd9+q2jLIRMfvEshkA=="],

    "pump": ["pump@3.0.4", "", { "dependencies": { "end-of-stream": "^1.1.0", "once": "^1.3.1" } }, "sha512-VS7sjc6KR7e1ukRFhQSY5LM2uBWAUPiOPa/A3mkKmiMwSmRFUITt0xuj+/lesgnCv+dPIEYlkzrcyXgquIHMcA=="],

    "quick-format-unescaped": ["quick-format-unescaped@4.0.4", "", {}, "sha512-tYC1Q1hgyRuHgloV/YXs2w15unPVh8qfu/qCTfhTYamaw7fyhumKa2yGpdSo87vY32rIclj+4fWYQXUMs9EHvg=="],

    "real-require": ["real-require@0.2.0", "", {}, "sha512-57frrGM/OCTLqLOAh0mhVA9VBMHd+9U7Zb2THMGdBUoZVOtGbJzjxsYGDJ3A9AYYCP4hn6y1TVbaOfzWtm5GFg=="],

    "safe-stable-stringify": ["safe-stable-stringify@2.5.0", "", {}, "sha512-b3rppTKm9T+PsVCBEOUR46GWI7fdOs00VKZ1+9c1EWDaDMvjQc6tUwuFyIprgGgTcWoVHSKrU8H31ZHA2e0RHA=="],

    "secure-json-parse": ["secure-json-parse@4.1.0", "", {}, "sha512-l4KnYfEyqYJxDwlNVyRfO2E4NTHfMKAWdUuA8J0yve2Dz/E/PdBepY03RvyJpssIpRFwJoCD55wA+mEDs6ByWA=="],

    "sonic-boom": ["sonic-boom@4.2.1", "", { "dependencies": { "atomic-sleep": "^1.0.0" } }, "sha512-w6AxtubXa2wTXAUsZMMWERrsIRAdrK0Sc+FUytWvYAhBJLyuI4llrMIC1DtlNSdI99EI86KZum2MMq3EAZlF9Q=="],

    "split2": ["split2@4.2.0", "", {}, "sha512-UcjcJOWknrNkF6PLX83qcHM6KHgVKNkV62Y8a5uYDVv9ydGQVwAHMKqHdJje1VTWpljG0WYpCDhrCdAOYH4TWg=="],

    "strip-json-comments": ["strip-json-comments@5.0.3", "", {}, "sha512-1tB5mhVo7U+ETBKNf92xT4hrQa3pm0MZ0PQvuDnWgAAGHDsfp4lPSpiS6psrSiet87wyGPh9ft6wmhOMQ0hDiw=="],

    "thread-stream": ["thread-stream@3.2.0", "", { "dependencies": { "real-require": "^0.2.0" } }, "sha512-zLBvqpwr4Esa0kRjcrzGU6zL25lePWaCLMx0RQFrmteozIfeNdaMLpG5U7PeHzvlFkAWaRKA9/KVW4F60iB+qw=="],

    "wrappy": ["wrappy@1.0.2", "", {}, "sha512-l4Sp/DRseor9wL6EvV2+TuQn63dMkPjZ/sp9XkghTEbV9KlPS1xUsZ3u7/IQO4wxtcFB4bgpQPRcR3QCvezPcQ=="],

    "pino-pretty/pino-abstract-transport": ["pino-abstract-transport@3.0.0", "", { "dependencies": { "split2": "^4.0.0" } }, "sha512-wlfUczU+n7Hy/Ha5j9a/gZNy7We5+cXp8YL+X+PG8S0KXxw7n/JXA3c46Y0zQznIJ83URJiwy7Lh56WLokNuxg=="],
  }
}
